
Microsoft Visual Studio Solution File, Format Version 11.00
# Visual Studio 2010
Project("{FAE04EC0-301F-11D3-BF4B-00C04F79EFBC}") = "OSA", "OSA.csproj", "{FF4B6D58-1715-63DE-9262-E07B7071C4B0}"
EndProject
Project("{FAE04EC0-301F-11D3-BF4B-00C04F79EFBC}") = "Assembly-CSharp", "Assembly-CSharp.csproj", "{0FADEE71-9DBC-F9D9-31DB-E626C4166DFD}"
EndProject
Project("{FAE04EC0-301F-11D3-BF4B-00C04F79EFBC}") = "OSA-Editor", "OSA-Editor.csproj", "{3EEAA4B1-1611-D2ED-E6AF-4EFD3E013882}"
EndProject
Global
	GlobalSection(SolutionConfigurationPlatforms) = preSolution
		Debug|Any CPU = Debug|Any CPU
		Release|Any CPU = Release|Any CPU
	EndGlobalSection
	GlobalSection(ProjectConfigurationPlatforms) = postSolution
		{FF4B6D58-1715-63DE-9262-E07B7071C4B0}.Debug|Any CPU.ActiveCfg = Debug|Any CPU
		{FF4B6D58-1715-63DE-9262-E07B7071C4B0}.Debug|Any CPU.Build.0 = Debug|Any CPU
		{FF4B6D58-1715-63DE-9262-E07B7071C4B0}.Release|Any CPU.ActiveCfg = Release|Any CPU
		{FF4B6D58-1715-63DE-9262-E07B7071C4B0}.Release|Any CPU.Build.0 = Release|Any CPU
		{0FADEE71-9DBC-F9D9-31DB-E626C4166DFD}.Debug|Any CPU.ActiveCfg = Debug|Any CPU
		{0FADEE71-9DBC-F9D9-31DB-E626C4166DFD}.Debug|Any CPU.Build.0 = Debug|Any CPU
		{0FADEE71-9DBC-F9D9-31DB-E626C4166DFD}.Release|Any CPU.ActiveCfg = Release|Any CPU
		{0FADEE71-9DBC-F9D9-31DB-E626C4166DFD}.Release|Any CPU.Build.0 = Release|Any CPU
		{3EEAA4B1-1611-D2ED-E6AF-4EFD3E013882}.Debug|Any CPU.ActiveCfg = Debug|Any CPU
		{3EEAA4B1-1611-D2ED-E6AF-4EFD3E013882}.Debug|Any CPU.Build.0 = Debug|Any CPU
		{3EEAA4B1-1611-D2ED-E6AF-4EFD3E013882}.Release|Any CPU.ActiveCfg = Release|Any CPU
		{3EEAA4B1-1611-D2ED-E6AF-4EFD3E013882}.Release|Any CPU.Build.0 = Release|Any CPU
	EndGlobalSection
	GlobalSection(SolutionProperties) = preSolution
		HideSolutionNode = FALSE
	EndGlobalSection
EndGlobal
